
Microsoft Visual Studio Solution File, Format Version 12.00
# Visual Studio 15
VisualStudioVersion = 15.0.27130.2036
MinimumVisualStudioVersion = 10.0.40219.1
Project("{FAE04EC0-301F-11D3-BF4B-00C04F79EFBC}") = "TeachingManager", "StartWindow\TeachingManager.csproj", "{430E7050-3377-4973-8F9E-C82D36685ACC}"
EndProject
Global
	GlobalSection(SolutionConfigurationPlatforms) = preSolution
		Debug|Any CPU = Debug|Any CPU
		Release|Any CPU = Release|Any CPU
	EndGlobalSection
	GlobalSection(ProjectConfigurationPlatforms) = postSolution
		{430E7050-3377-4973-8F9E-C82D36685ACC}.Debug|Any CPU.ActiveCfg = Debug|Any CPU
		{430E7050-3377-4973-8F9E-C82D36685ACC}.Debug|Any CPU.Build.0 = Debug|Any CPU
		{430E7050-3377-4973-8F9E-C82D36685ACC}.Release|Any CPU.ActiveCfg = Release|Any CPU
		{430E7050-3377-4973-8F9E-C82D36685ACC}.Release|Any CPU.Build.0 = Release|Any CPU
	EndGlobalSection
	GlobalSection(SolutionProperties) = preSolution
		HideSolutionNode = FALSE
	EndGlobalSection
	GlobalSection(ExtensibilityGlobals) = postSolution
		SolutionGuid = {C4DF75D8-3E14-4655-85BA-20318D53BB92}
	EndGlobalSection
EndGlobal
